
Microsoft Visual Studio Solution File, Format Version 12.00
# Visual Studio Version 16
VisualStudioVersion = 16.0.30011.22
MinimumVisualStudioVersion = 10.0.40219.1
Project("{FAE04EC0-301F-11D3-BF4B-00C04F79EFBC}") = "LatinTranslator", "LatinTranslator\LatinTranslator.csproj", "{54B8F3F2-A1AB-4A11-850C-67D30226F3BA}"
EndProject
Global
	GlobalSection(SolutionConfigurationPlatforms) = preSolution
		Debug|Any CPU = Debug|Any CPU
		Release|Any CPU = Release|Any CPU
	EndGlobalSection
	GlobalSection(ProjectConfigurationPlatforms) = postSolution
		{54B8F3F2-A1AB-4A11-850C-67D30226F3BA}.Debug|Any CPU.ActiveCfg = Debug|Any CPU
		{54B8F3F2-A1AB-4A11-850C-67D30226F3BA}.Debug|Any CPU.Build.0 = Debug|Any CPU
		{54B8F3F2-A1AB-4A11-850C-67D30226F3BA}.Release|Any CPU.ActiveCfg = Release|Any CPU
		{54B8F3F2-A1AB-4A11-850C-67D30226F3BA}.Release|Any CPU.Build.0 = Release|Any CPU
	EndGlobalSection
	GlobalSection(SolutionProperties) = preSolution
		HideSolutionNode = FALSE
	EndGlobalSection
	GlobalSection(ExtensibilityGlobals) = postSolution
		SolutionGuid = {0F1D281E-FC83-4E20-BA3E-D3363D064924}
	EndGlobalSection
EndGlobal
